{
  "version": 4,
  "terraform_version": "1.3.6",
  "serial": 83,
  "lineage": "69e92f57-af57-d640-b9da-490b743bb9c9",
  "outputs": {
    "external_ip_address_vm_1": {
      "value": "62.84.112.188",
      "type": "string"
    },
    "internal_ip_address_vm_1": {
      "value": "192.168.10.32",
      "type": "string"
    }
  },
  "resources": [
    {
      "mode": "managed",
      "type": "yandex_compute_instance",
      "name": "vm-1",
      "provider": "provider[\"registry.terraform.io/yandex-cloud/yandex\"]",
      "instances": [
        {
          "schema_version": 1,
          "attributes": {
            "allow_recreate": null,
            "allow_stopping_for_update": null,
            "boot_disk": [
              {
                "auto_delete": true,
                "device_name": "fhmshofve04jov3tt3qp",
                "disk_id": "fhmshofve04jov3tt3qp",
                "initialize_params": [
                  {
                    "block_size": 4096,
                    "description": "",
                    "image_id": "fd85sedv7393pqkp86e6",
                    "name": "",
                    "size": 3,
                    "snapshot_id": "",
                    "type": "network-hdd"
                  }
                ],
                "mode": "READ_WRITE"
              }
            ],
            "created_at": "2022-12-08T17:05:15Z",
            "description": "",
            "folder_id": "b1g1l3j3k0909cn94se2",
            "fqdn": "fhmh50hed3272tqd5v7b.auto.internal",
            "hostname": "",
            "id": "fhmh50hed3272tqd5v7b",
            "labels": {},
            "local_disk": [],
            "metadata": {
              "user-data": "#cloud-config\r\nusers:\r\n  - name: admin\r\n    groups: sudo\r\n    shell: /bin/bash\r\n    sudo: ['ALL=(ALL) NOPASSWD:ALL']\r\n    ssh_authorized_keys:\r\n      - ssh-rsa AAAAB3NzaC1yc2EAAAADAQABAAABAQDW32X++7E/K1z4bGNynLCFnOZH7+WSL84LnkecpztH40jCUFubFfHR6qHo32Yv0DI5SjzNtMOiZP8PvPw/KODYSHktaWSwYGdRIjfu9n9FhtdZPFNEz2K6lxF4qg2x5WE7/edjdISeGn/l75bsrOh9P1FQXw31Og+W5upoC1GHsLbUXmdVwobBwW2cVEH7INwCq5GE319eFTligzofdARR47YHTdRRsw7nQyJHzt7wcqhfupU/wZQnUDWenG9C71LjA0B27AhRaWsTLgFPKQMhlvM0s1Sr1KsjE+XrkWKzAGplCxuSTWiySBUkc1+Dvt1rVyiGjZvG0xE2Z7aVSEOj Кисуля@LaptopAis"
            },
            "name": "terraform1",
            "network_acceleration_type": "standard",
            "network_interface": [
              {
                "dns_record": [],
                "index": 0,
                "ip_address": "192.168.10.32",
                "ipv4": true,
                "ipv6": false,
                "ipv6_address": "",
                "ipv6_dns_record": [],
                "mac_address": "d0:0d:11:28:22:e6",
                "nat": true,
                "nat_dns_record": [],
                "nat_ip_address": "62.84.112.188",
                "nat_ip_version": "IPV4",
                "security_group_ids": [],
                "subnet_id": "e9bn8hbo9lqb68vr5015"
              }
            ],
            "placement_policy": [
              {
                "host_affinity_rules": [],
                "placement_group_id": ""
              }
            ],
            "platform_id": "standard-v1",
            "resources": [
              {
                "core_fraction": 100,
                "cores": 2,
                "gpus": 0,
                "memory": 2
              }
            ],
            "scheduling_policy": [
              {
                "preemptible": false
              }
            ],
            "secondary_disk": [],
            "service_account_id": "",
            "status": "running",
            "timeouts": null,
            "zone": "ru-central1-a"
          },
          "sensitive_attributes": [],
          "private": "eyJlMmJmYjczMC1lY2FhLTExZTYtOGY4OC0zNDM2M2JjN2M0YzAiOnsiY3JlYXRlIjozMDAwMDAwMDAwMDAsImRlbGV0ZSI6MzAwMDAwMDAwMDAwLCJ1cGRhdGUiOjMwMDAwMDAwMDAwMH0sInNjaGVtYV92ZXJzaW9uIjoiMSJ9",
          "dependencies": [
            "yandex_vpc_network.network-1",
            "yandex_vpc_subnet.subnet-1"
          ]
        }
      ]
    },
    {
      "mode": "managed",
      "type": "yandex_vpc_network",
      "name": "network-1",
      "provider": "provider[\"registry.terraform.io/yandex-cloud/yandex\"]",
      "instances": [
        {
          "schema_version": 0,
          "attributes": {
            "created_at": "2022-12-08T17:05:11Z",
            "default_security_group_id": "",
            "description": "",
            "folder_id": "b1g1l3j3k0909cn94se2",
            "id": "enpjlipk2h6m5ftqk4da",
            "labels": {},
            "name": "network-1",
            "subnet_ids": [
              "e9bn8hbo9lqb68vr5015"
            ],
            "timeouts": null
          },
          "sensitive_attributes": [],
          "private": "eyJlMmJmYjczMC1lY2FhLTExZTYtOGY4OC0zNDM2M2JjN2M0YzAiOnsiY3JlYXRlIjo2MDAwMDAwMDAwMCwiZGVsZXRlIjo2MDAwMDAwMDAwMCwidXBkYXRlIjo2MDAwMDAwMDAwMH19"
        }
      ]
    },
    {
      "mode": "managed",
      "type": "yandex_vpc_subnet",
      "name": "subnet-1",
      "provider": "provider[\"registry.terraform.io/yandex-cloud/yandex\"]",
      "instances": [
        {
          "schema_version": 0,
          "attributes": {
            "created_at": "2022-12-08T17:05:13Z",
            "description": "",
            "dhcp_options": [],
            "folder_id": "b1g1l3j3k0909cn94se2",
            "id": "e9bn8hbo9lqb68vr5015",
            "labels": {},
            "name": "subnet-1",
            "network_id": "enpjlipk2h6m5ftqk4da",
            "route_table_id": "",
            "timeouts": null,
            "v4_cidr_blocks": [
              "192.168.10.0/24"
            ],
            "v6_cidr_blocks": [],
            "zone": "ru-central1-a"
          },
          "sensitive_attributes": [],
          "private": "eyJlMmJmYjczMC1lY2FhLTExZTYtOGY4OC0zNDM2M2JjN2M0YzAiOnsiY3JlYXRlIjoxODAwMDAwMDAwMDAsImRlbGV0ZSI6MTgwMDAwMDAwMDAwLCJ1cGRhdGUiOjE4MDAwMDAwMDAwMH19",
          "dependencies": [
            "yandex_vpc_network.network-1"
          ]
        }
      ]
    },
    {
      "module": "module.bucket",
      "mode": "managed",
      "type": "yandex_iam_service_account",
      "name": "sa2",
      "provider": "module.bucket.provider[\"registry.terraform.io/yandex-cloud/yandex\"]",
      "instances": [
        {
          "schema_version": 0,
          "attributes": {
            "created_at": "2022-12-08T17:05:11Z",
            "description": "",
            "folder_id": "b1g1l3j3k0909cn94se2",
            "id": "ajeqci9usp49inrf26f8",
            "name": "sa2",
            "timeouts": null
          },
          "sensitive_attributes": [],
          "private": "eyJlMmJmYjczMC1lY2FhLTExZTYtOGY4OC0zNDM2M2JjN2M0YzAiOnsiY3JlYXRlIjo2MDAwMDAwMDAwMCwiZGVsZXRlIjo2MDAwMDAwMDAwMCwidXBkYXRlIjo2MDAwMDAwMDAwMH19"
        }
      ]
    },
    {
      "module": "module.bucket",
      "mode": "managed",
      "type": "yandex_iam_service_account_static_access_key",
      "name": "sa-static-key",
      "provider": "module.bucket.provider[\"registry.terraform.io/yandex-cloud/yandex\"]",
      "instances": [
        {
          "schema_version": 0,
          "attributes": {
            "access_key": "YCAJE6n-uwyTwUwK8orfeeYbv",
            "created_at": "2022-12-08T17:05:12Z",
            "description": "static access key for object storage",
            "encrypted_secret_key": null,
            "id": "ajek4cjohtm1mqs56hrn",
            "key_fingerprint": null,
            "pgp_key": null,
            "secret_key": "YCP4_nFHbZfrmzaE9Z-NKAyP2K_8G3tE7tXg0Pdh",
            "service_account_id": "ajeqci9usp49inrf26f8"
          },
          "sensitive_attributes": [],
          "private": "bnVsbA==",
          "dependencies": [
            "module.bucket.yandex_iam_service_account.sa2"
          ]
        }
      ]
    },
    {
      "module": "module.bucket",
      "mode": "managed",
      "type": "yandex_resourcemanager_folder_iam_member",
      "name": "sa-editor",
      "provider": "module.bucket.provider[\"registry.terraform.io/yandex-cloud/yandex\"]",
      "instances": [
        {
          "schema_version": 0,
          "attributes": {
            "folder_id": "b1g1l3j3k0909cn94se2",
            "id": "b1g1l3j3k0909cn94se2/storage.editor/serviceAccount:ajeqci9usp49inrf26f8",
            "member": "serviceAccount:ajeqci9usp49inrf26f8",
            "role": "storage.editor",
            "sleep_after": null
          },
          "sensitive_attributes": [],
          "private": "bnVsbA==",
          "dependencies": [
            "module.bucket.yandex_iam_service_account.sa2"
          ]
        }
      ]
    },
    {
      "module": "module.bucket",
      "mode": "managed",
      "type": "yandex_storage_bucket",
      "name": "b5-sf-sa",
      "provider": "module.bucket.provider[\"registry.terraform.io/yandex-cloud/yandex\"]",
      "instances": [
        {
          "schema_version": 0,
          "attributes": {
            "access_key": "YCAJE6n-uwyTwUwK8orfeeYbv",
            "acl": "private",
            "anonymous_access_flags": [
              {
                "list": false,
                "read": false
              }
            ],
            "bucket": "b5-sf-sa",
            "bucket_domain_name": "b5-sf-sa.storage.yandexcloud.net",
            "bucket_prefix": null,
            "cors_rule": [],
            "default_storage_class": "STANDARD",
            "folder_id": "b1g1l3j3k0909cn94se2",
            "force_destroy": false,
            "grant": [],
            "https": [],
            "id": "b5-sf-sa",
            "lifecycle_rule": [],
            "logging": [],
            "max_size": 0,
            "policy": "",
            "secret_key": "YCP4_nFHbZfrmzaE9Z-NKAyP2K_8G3tE7tXg0Pdh",
            "server_side_encryption_configuration": [],
            "versioning": [
              {
                "enabled": false
              }
            ],
            "website": [],
            "website_domain": null,
            "website_endpoint": null
          },
          "sensitive_attributes": [
            [
              {
                "type": "get_attr",
                "value": "secret_key"
              }
            ]
          ],
          "private": "bnVsbA==",
          "dependencies": [
            "module.bucket.yandex_iam_service_account_static_access_key.sa-static-key"
          ]
        }
      ]
    }
  ],
  "check_results": null
}
